Microsoft Visual Studio Solution File, Format Version 12.00
# Visual Studio Version 17
VisualStudioVersion = 17.5.2.0
MinimumVisualStudioVersion = 10.0.40219.1
Project("{FAE04EC0-301F-11D3-BF4B-00C04F79EFBC}") = "Torres", "Torres.csproj", "{A8A90B50-5C46-8135-49C2-DB041C5E76ED}"
EndProject
Global
	GlobalSection(SolutionConfigurationPlatforms) = preSolution
		Debug|Any CPU = Debug|Any CPU
		Release|Any CPU = Release|Any CPU
	EndGlobalSection
	GlobalSection(ProjectConfigurationPlatforms) = postSolution
		{A8A90B50-5C46-8135-49C2-DB041C5E76ED}.Debug|Any CPU.ActiveCfg = Debug|Any CPU
		{A8A90B50-5C46-8135-49C2-DB041C5E76ED}.Debug|Any CPU.Build.0 = Debug|Any CPU
		{A8A90B50-5C46-8135-49C2-DB041C5E76ED}.Release|Any CPU.ActiveCfg = Release|Any CPU
		{A8A90B50-5C46-8135-49C2-DB041C5E76ED}.Release|Any CPU.Build.0 = Release|Any CPU
	EndGlobalSection
	GlobalSection(SolutionProperties) = preSolution
		HideSolutionNode = FALSE
	EndGlobalSection
	GlobalSection(ExtensibilityGlobals) = postSolution
		SolutionGuid = {FEC5EC00-86C5-4838-959F-DC32F82C11E5}
	EndGlobalSection
EndGlobal
