Microsoft Visual Studio Solution File, Format Version 12.00
# Visual Studio Version 17
VisualStudioVersion = 17.5.2.0
MinimumVisualStudioVersion = 10.0.40219.1
Project("{FAE04EC0-301F-11D3-BF4B-00C04F79EFBC}") = "PreEvaluacion", "PreEvaluacion.csproj", "{1F8DA089-F7A8-CBFD-E595-F8B31B687370}"
EndProject
Global
	GlobalSection(SolutionConfigurationPlatforms) = preSolution
		Debug|Any CPU = Debug|Any CPU
		Release|Any CPU = Release|Any CPU
	EndGlobalSection
	GlobalSection(ProjectConfigurationPlatforms) = postSolution
		{1F8DA089-F7A8-CBFD-E595-F8B31B687370}.Debug|Any CPU.ActiveCfg = Debug|Any CPU
		{1F8DA089-F7A8-CBFD-E595-F8B31B687370}.Debug|Any CPU.Build.0 = Debug|Any CPU
		{1F8DA089-F7A8-CBFD-E595-F8B31B687370}.Release|Any CPU.ActiveCfg = Release|Any CPU
		{1F8DA089-F7A8-CBFD-E595-F8B31B687370}.Release|Any CPU.Build.0 = Release|Any CPU
	EndGlobalSection
	GlobalSection(SolutionProperties) = preSolution
		HideSolutionNode = FALSE
	EndGlobalSection
	GlobalSection(ExtensibilityGlobals) = postSolution
		SolutionGuid = {19BC437C-4D65-4C34-85A6-D8CA511B9F71}
	EndGlobalSection
EndGlobal
