Microsoft Visual Studio Solution File, Format Version 12.00
# Visual Studio Version 17
VisualStudioVersion = 17.5.2.0
MinimumVisualStudioVersion = 10.0.40219.1
Project("{FAE04EC0-301F-11D3-BF4B-00C04F79EFBC}") = "Examen3erParcial", "Examen3erParcial.csproj", "{92B8363A-692F-B0B1-4737-B2F62658FBC3}"
EndProject
Global
	GlobalSection(SolutionConfigurationPlatforms) = preSolution
		Debug|Any CPU = Debug|Any CPU
		Release|Any CPU = Release|Any CPU
	EndGlobalSection
	GlobalSection(ProjectConfigurationPlatforms) = postSolution
		{92B8363A-692F-B0B1-4737-B2F62658FBC3}.Debug|Any CPU.ActiveCfg = Debug|Any CPU
		{92B8363A-692F-B0B1-4737-B2F62658FBC3}.Debug|Any CPU.Build.0 = Debug|Any CPU
		{92B8363A-692F-B0B1-4737-B2F62658FBC3}.Release|Any CPU.ActiveCfg = Release|Any CPU
		{92B8363A-692F-B0B1-4737-B2F62658FBC3}.Release|Any CPU.Build.0 = Release|Any CPU
	EndGlobalSection
	GlobalSection(SolutionProperties) = preSolution
		HideSolutionNode = FALSE
	EndGlobalSection
	GlobalSection(ExtensibilityGlobals) = postSolution
		SolutionGuid = {BDEDE073-8906-4CA8-91B4-6BFF4AA1516B}
	EndGlobalSection
EndGlobal
